
Microsoft Visual Studio Solution File, Format Version 12.00
# Visual Studio 15
VisualStudioVersion = 15.0.27004.2006
MinimumVisualStudioVersion = 10.0.40219.1
Project("{FAE04EC0-301F-11D3-BF4B-00C04F79EFBC}") = "ExemploCrudCore", "ExemploCrudCore\ExemploCrudCore.csproj", "{B8F2A709-C285-45D0-84B4-3B9BC2B9D556}"
EndProject
Project("{FAE04EC0-301F-11D3-BF4B-00C04F79EFBC}") = "ExemploCrudCore.Dados", "ExemploCrudCore.Dados\ExemploCrudCore.Dados.csproj", "{786B0FBD-0ACE-47D3-A1DC-815CB3413003}"
EndProject
Global
	GlobalSection(SolutionConfigurationPlatforms) = preSolution
		Debug|Any CPU = Debug|Any CPU
		Release|Any CPU = Release|Any CPU
	EndGlobalSection
	GlobalSection(ProjectConfigurationPlatforms) = postSolution
		{B8F2A709-C285-45D0-84B4-3B9BC2B9D556}.Debug|Any CPU.ActiveCfg = Debug|Any CPU
		{B8F2A709-C285-45D0-84B4-3B9BC2B9D556}.Debug|Any CPU.Build.0 = Debug|Any CPU
		{B8F2A709-C285-45D0-84B4-3B9BC2B9D556}.Release|Any CPU.ActiveCfg = Release|Any CPU
		{B8F2A709-C285-45D0-84B4-3B9BC2B9D556}.Release|Any CPU.Build.0 = Release|Any CPU
		{786B0FBD-0ACE-47D3-A1DC-815CB3413003}.Debug|Any CPU.ActiveCfg = Debug|Any CPU
		{786B0FBD-0ACE-47D3-A1DC-815CB3413003}.Debug|Any CPU.Build.0 = Debug|Any CPU
		{786B0FBD-0ACE-47D3-A1DC-815CB3413003}.Release|Any CPU.ActiveCfg = Release|Any CPU
		{786B0FBD-0ACE-47D3-A1DC-815CB3413003}.Release|Any CPU.Build.0 = Release|Any CPU
	EndGlobalSection
	GlobalSection(SolutionProperties) = preSolution
		HideSolutionNode = FALSE
	EndGlobalSection
	GlobalSection(ExtensibilityGlobals) = postSolution
		SolutionGuid = {2C935B62-D43E-4554-9333-4EA2672C0336}
	EndGlobalSection
EndGlobal
