
Microsoft Visual Studio Solution File, Format Version 12.00
# Visual Studio 15
VisualStudioVersion = 15.0.26730.16
MinimumVisualStudioVersion = 10.0.40219.1
Project("{FAE04EC0-301F-11D3-BF4B-00C04F79EFBC}") = "ExemploDapper", "ExemploDapper\ExemploDapper.csproj", "{1D0A559D-C469-482B-9401-01ADCAA4E691}"
EndProject
Global
	GlobalSection(SolutionConfigurationPlatforms) = preSolution
		Debug|Any CPU = Debug|Any CPU
		Release|Any CPU = Release|Any CPU
	EndGlobalSection
	GlobalSection(ProjectConfigurationPlatforms) = postSolution
		{1D0A559D-C469-482B-9401-01ADCAA4E691}.Debug|Any CPU.ActiveCfg = Debug|Any CPU
		{1D0A559D-C469-482B-9401-01ADCAA4E691}.Debug|Any CPU.Build.0 = Debug|Any CPU
		{1D0A559D-C469-482B-9401-01ADCAA4E691}.Release|Any CPU.ActiveCfg = Release|Any CPU
		{1D0A559D-C469-482B-9401-01ADCAA4E691}.Release|Any CPU.Build.0 = Release|Any CPU
	EndGlobalSection
	GlobalSection(SolutionProperties) = preSolution
		HideSolutionNode = FALSE
	EndGlobalSection
	GlobalSection(ExtensibilityGlobals) = postSolution
		SolutionGuid = {B096E8C0-49E6-4DCA-A57A-C5D1A203FFFC}
	EndGlobalSection
EndGlobal
