
Microsoft Visual Studio Solution File, Format Version 12.00
# Visual Studio 15
VisualStudioVersion = 15.0.27004.2005
MinimumVisualStudioVersion = 10.0.40219.1
Project("{FAE04EC0-301F-11D3-BF4B-00C04F79EFBC}") = "ExemploEFCrud", "ExemploEFCrud\ExemploEFCrud.csproj", "{D4CDC9F3-6D68-46A0-A7F1-C3B78E368C36}"
EndProject
Global
	GlobalSection(SolutionConfigurationPlatforms) = preSolution
		Debug|Any CPU = Debug|Any CPU
		Release|Any CPU = Release|Any CPU
	EndGlobalSection
	GlobalSection(ProjectConfigurationPlatforms) = postSolution
		{D4CDC9F3-6D68-46A0-A7F1-C3B78E368C36}.Debug|Any CPU.ActiveCfg = Debug|Any CPU
		{D4CDC9F3-6D68-46A0-A7F1-C3B78E368C36}.Debug|Any CPU.Build.0 = Debug|Any CPU
		{D4CDC9F3-6D68-46A0-A7F1-C3B78E368C36}.Release|Any CPU.ActiveCfg = Release|Any CPU
		{D4CDC9F3-6D68-46A0-A7F1-C3B78E368C36}.Release|Any CPU.Build.0 = Release|Any CPU
	EndGlobalSection
	GlobalSection(SolutionProperties) = preSolution
		HideSolutionNode = FALSE
	EndGlobalSection
	GlobalSection(ExtensibilityGlobals) = postSolution
		SolutionGuid = {F43E8749-156C-45F3-8617-8AA70F29C579}
	EndGlobalSection
EndGlobal
