
Microsoft Visual Studio Solution File, Format Version 12.00
# Visual Studio 15
VisualStudioVersion = 15.0.27004.2005
MinimumVisualStudioVersion = 10.0.40219.1
Project("{FAE04EC0-301F-11D3-BF4B-00C04F79EFBC}") = "ExemploCrudCoreOracle", "ExemploCrudCoreOracle\ExemploCrudCoreOracle.csproj", "{FBA2B93F-086E-490B-AB32-978EFD9D727A}"
EndProject
Global
	GlobalSection(SolutionConfigurationPlatforms) = preSolution
		Debug|Any CPU = Debug|Any CPU
		Release|Any CPU = Release|Any CPU
	EndGlobalSection
	GlobalSection(ProjectConfigurationPlatforms) = postSolution
		{FBA2B93F-086E-490B-AB32-978EFD9D727A}.Debug|Any CPU.ActiveCfg = Debug|Any CPU
		{FBA2B93F-086E-490B-AB32-978EFD9D727A}.Debug|Any CPU.Build.0 = Debug|Any CPU
		{FBA2B93F-086E-490B-AB32-978EFD9D727A}.Release|Any CPU.ActiveCfg = Release|Any CPU
		{FBA2B93F-086E-490B-AB32-978EFD9D727A}.Release|Any CPU.Build.0 = Release|Any CPU
	EndGlobalSection
	GlobalSection(SolutionProperties) = preSolution
		HideSolutionNode = FALSE
	EndGlobalSection
	GlobalSection(ExtensibilityGlobals) = postSolution
		SolutionGuid = {03CB4320-5F17-49A6-80F6-85D6ACB0F20D}
	EndGlobalSection
EndGlobal
